
Microsoft Visual Studio Solution File, Format Version 12.00
# Visual Studio Version 16
VisualStudioVersion = 16.0.30320.27
MinimumVisualStudioVersion = 10.0.40219.1
Project("{FAE04EC0-301F-11D3-BF4B-00C04F79EFBC}") = "MyTube.UWP", "MyTube\MyTube.UWP\MyTube.UWP.csproj", "{A75BAA3F-10F4-47A8-B7E9-57A34140AB88}"
EndProject
Project("{FAE04EC0-301F-11D3-BF4B-00C04F79EFBC}") = "MyTube.Android", "MyTube\MyTube.Android\MyTube.Android.csproj", "{E7867446-5F02-420C-B183-1CB459985614}"
EndProject
Project("{FAE04EC0-301F-11D3-BF4B-00C04F79EFBC}") = "MyTube.iOS", "MyTube\MyTube.iOS\MyTube.iOS.csproj", "{24115804-479D-46C4-A955-C0B5D651BA2E}"
EndProject
Project("{FAE04EC0-301F-11D3-BF4B-00C04F79EFBC}") = "MyTube", "MyTube\MyTube\MyTube.csproj", "{38D2D904-0A55-4B2E-A6B5-B6ABF4C4C6D0}"
EndProject
Global
	GlobalSection(SolutionConfigurationPlatforms) = preSolution
		Debug|Any CPU = Debug|Any CPU
		Debug|ARM = Debug|ARM
		Debug|iPhone = Debug|iPhone
		Debug|iPhoneSimulator = Debug|iPhoneSimulator
		Debug|x64 = Debug|x64
		Debug|x86 = Debug|x86
		Release|Any CPU = Release|Any CPU
		Release|ARM = Release|ARM
		Release|iPhone = Release|iPhone
		Release|iPhoneSimulator = Release|iPhoneSimulator
		Release|x64 = Release|x64
		Release|x86 = Release|x86
	EndGlobalSection
	GlobalSection(ProjectConfigurationPlatforms) = postSolution
		{A75BAA3F-10F4-47A8-B7E9-57A34140AB88}.Debug|Any CPU.ActiveCfg = Debug|x86
		{A75BAA3F-10F4-47A8-B7E9-57A34140AB88}.Debug|Any CPU.Build.0 = Debug|x86
		{A75BAA3F-10F4-47A8-B7E9-57A34140AB88}.Debug|Any CPU.Deploy.0 = Debug|x86
		{A75BAA3F-10F4-47A8-B7E9-57A34140AB88}.Debug|ARM.ActiveCfg = Debug|ARM
		{A75BAA3F-10F4-47A8-B7E9-57A34140AB88}.Debug|ARM.Build.0 = Debug|ARM
		{A75BAA3F-10F4-47A8-B7E9-57A34140AB88}.Debug|ARM.Deploy.0 = Debug|ARM
		{A75BAA3F-10F4-47A8-B7E9-57A34140AB88}.Debug|iPhone.ActiveCfg = Debug|x86
		{A75BAA3F-10F4-47A8-B7E9-57A34140AB88}.Debug|iPhone.Build.0 = Debug|x86
		{A75BAA3F-10F4-47A8-B7E9-57A34140AB88}.Debug|iPhone.Deploy.0 = Debug|x86
		{A75BAA3F-10F4-47A8-B7E9-57A34140AB88}.Debug|iPhoneSimulator.ActiveCfg = Debug|x86
		{A75BAA3F-10F4-47A8-B7E9-57A34140AB88}.Debug|iPhoneSimulator.Build.0 = Debug|x86
		{A75BAA3F-10F4-47A8-B7E9-57A34140AB88}.Debug|iPhoneSimulator.Deploy.0 = Debug|x86
		{A75BAA3F-10F4-47A8-B7E9-57A34140AB88}.Debug|x64.ActiveCfg = Debug|x64
		{A75BAA3F-10F4-47A8-B7E9-57A34140AB88}.Debug|x64.Build.0 = Debug|x64
		{A75BAA3F-10F4-47A8-B7E9-57A34140AB88}.Debug|x64.Deploy.0 = Debug|x64
		{A75BAA3F-10F4-47A8-B7E9-57A34140AB88}.Debug|x86.ActiveCfg = Debug|x86
		{A75BAA3F-10F4-47A8-B7E9-57A34140AB88}.Debug|x86.Build.0 = Debug|x86
		{A75BAA3F-10F4-47A8-B7E9-57A34140AB88}.Debug|x86.Deploy.0 = Debug|x86
		{A75BAA3F-10F4-47A8-B7E9-57A34140AB88}.Release|Any CPU.ActiveCfg = Release|x86
		{A75BAA3F-10F4-47A8-B7E9-57A34140AB88}.Release|Any CPU.Build.0 = Release|x86
		{A75BAA3F-10F4-47A8-B7E9-57A34140AB88}.Release|Any CPU.Deploy.0 = Release|x86
		{A75BAA3F-10F4-47A8-B7E9-57A34140AB88}.Release|ARM.ActiveCfg = Release|ARM
		{A75BAA3F-10F4-47A8-B7E9-57A34140AB88}.Release|ARM.Build.0 = Release|ARM
		{A75BAA3F-10F4-47A8-B7E9-57A34140AB88}.Release|ARM.Deploy.0 = Release|ARM
		{A75BAA3F-10F4-47A8-B7E9-57A34140AB88}.Release|iPhone.ActiveCfg = Release|x86
		{A75BAA3F-10F4-47A8-B7E9-57A34140AB88}.Release|iPhone.Build.0 = Release|x86
		{A75BAA3F-10F4-47A8-B7E9-57A34140AB88}.Release|iPhone.Deploy.0 = Release|x86
		{A75BAA3F-10F4-47A8-B7E9-57A34140AB88}.Release|iPhoneSimulator.ActiveCfg = Release|x86
		{A75BAA3F-10F4-47A8-B7E9-57A34140AB88}.Release|iPhoneSimulator.Build.0 = Release|x86
		{A75BAA3F-10F4-47A8-B7E9-57A34140AB88}.Release|iPhoneSimulator.Deploy.0 = Release|x86
		{A75BAA3F-10F4-47A8-B7E9-57A34140AB88}.Release|x64.ActiveCfg = Release|x64
		{A75BAA3F-10F4-47A8-B7E9-57A34140AB88}.Release|x64.Build.0 = Release|x64
		{A75BAA3F-10F4-47A8-B7E9-57A34140AB88}.Release|x64.Deploy.0 = Release|x64
		{A75BAA3F-10F4-47A8-B7E9-57A34140AB88}.Release|x86.ActiveCfg = Release|x86
		{A75BAA3F-10F4-47A8-B7E9-57A34140AB88}.Release|x86.Build.0 = Release|x86
		{A75BAA3F-10F4-47A8-B7E9-57A34140AB88}.Release|x86.Deploy.0 = Release|x86
		{E7867446-5F02-420C-B183-1CB459985614}.Debug|Any CPU.ActiveCfg = Debug|Any CPU
		{E7867446-5F02-420C-B183-1CB459985614}.Debug|Any CPU.Build.0 = Debug|Any CPU
		{E7867446-5F02-420C-B183-1CB459985614}.Debug|Any CPU.Deploy.0 = Debug|Any CPU
		{E7867446-5F02-420C-B183-1CB459985614}.Debug|ARM.ActiveCfg = Debug|Any CPU
		{E7867446-5F02-420C-B183-1CB459985614}.Debug|ARM.Build.0 = Debug|Any CPU
		{E7867446-5F02-420C-B183-1CB459985614}.Debug|ARM.Deploy.0 = Debug|Any CPU
		{E7867446-5F02-420C-B183-1CB459985614}.Debug|iPhone.ActiveCfg = Debug|Any CPU
		{E7867446-5F02-420C-B183-1CB459985614}.Debug|iPhone.Build.0 = Debug|Any CPU
		{E7867446-5F02-420C-B183-1CB459985614}.Debug|iPhone.Deploy.0 = Debug|Any CPU
		{E7867446-5F02-420C-B183-1CB459985614}.Debug|iPhoneSimulator.ActiveCfg = Debug|Any CPU
		{E7867446-5F02-420C-B183-1CB459985614}.Debug|iPhoneSimulator.Build.0 = Debug|Any CPU
		{E7867446-5F02-420C-B183-1CB459985614}.Debug|iPhoneSimulator.Deploy.0 = Debug|Any CPU
		{E7867446-5F02-420C-B183-1CB459985614}.Debug|x64.ActiveCfg = Debug|Any CPU
		{E7867446-5F02-420C-B183-1CB459985614}.Debug|x64.Build.0 = Debug|Any CPU
		{E7867446-5F02-420C-B183-1CB459985614}.Debug|x64.Deploy.0 = Debug|Any CPU
		{E7867446-5F02-420C-B183-1CB459985614}.Debug|x86.ActiveCfg = Debug|Any CPU
		{E7867446-5F02-420C-B183-1CB459985614}.Debug|x86.Build.0 = Debug|Any CPU
		{E7867446-5F02-420C-B183-1CB459985614}.Debug|x86.Deploy.0 = Debug|Any CPU
		{E7867446-5F02-420C-B183-1CB459985614}.Release|Any CPU.ActiveCfg = Release|Any CPU
		{E7867446-5F02-420C-B183-1CB459985614}.Release|Any CPU.Build.0 = Release|Any CPU
		{E7867446-5F02-420C-B183-1CB459985614}.Release|Any CPU.Deploy.0 = Release|Any CPU
		{E7867446-5F02-420C-B183-1CB459985614}.Release|ARM.ActiveCfg = Release|Any CPU
		{E7867446-5F02-420C-B183-1CB459985614}.Release|ARM.Build.0 = Release|Any CPU
		{E7867446-5F02-420C-B183-1CB459985614}.Release|ARM.Deploy.0 = Release|Any CPU
		{E7867446-5F02-420C-B183-1CB459985614}.Release|iPhone.ActiveCfg = Release|Any CPU
		{E7867446-5F02-420C-B183-1CB459985614}.Release|iPhone.Build.0 = Release|Any CPU
		{E7867446-5F02-420C-B183-1CB459985614}.Release|iPhone.Deploy.0 = Release|Any CPU
		{E7867446-5F02-420C-B183-1CB459985614}.Release|iPhoneSimulator.ActiveCfg = Release|Any CPU
		{E7867446-5F02-420C-B183-1CB459985614}.Release|iPhoneSimulator.Build.0 = Release|Any CPU
		{E7867446-5F02-420C-B183-1CB459985614}.Release|iPhoneSimulator.Deploy.0 = Release|Any CPU
		{E7867446-5F02-420C-B183-1CB459985614}.Release|x64.ActiveCfg = Release|Any CPU
		{E7867446-5F02-420C-B183-1CB459985614}.Release|x64.Build.0 = Release|Any CPU
		{E7867446-5F02-420C-B183-1CB459985614}.Release|x64.Deploy.0 = Release|Any CPU
		{E7867446-5F02-420C-B183-1CB459985614}.Release|x86.ActiveCfg = Release|Any CPU
		{E7867446-5F02-420C-B183-1CB459985614}.Release|x86.Build.0 = Release|Any CPU
		{E7867446-5F02-420C-B183-1CB459985614}.Release|x86.Deploy.0 = Release|Any CPU
		{24115804-479D-46C4-A955-C0B5D651BA2E}.Debug|Any CPU.ActiveCfg = Debug|iPhone
		{24115804-479D-46C4-A955-C0B5D651BA2E}.Debug|Any CPU.Build.0 = Debug|iPhone
		{24115804-479D-46C4-A955-C0B5D651BA2E}.Debug|Any CPU.Deploy.0 = Debug|iPhone
		{24115804-479D-46C4-A955-C0B5D651BA2E}.Debug|ARM.ActiveCfg = Debug|iPhone
		{24115804-479D-46C4-A955-C0B5D651BA2E}.Debug|ARM.Build.0 = Debug|iPhone
		{24115804-479D-46C4-A955-C0B5D651BA2E}.Debug|ARM.Deploy.0 = Debug|iPhone
		{24115804-479D-46C4-A955-C0B5D651BA2E}.Debug|iPhone.ActiveCfg = Debug|iPhone
		{24115804-479D-46C4-A955-C0B5D651BA2E}.Debug|iPhone.Build.0 = Debug|iPhone
		{24115804-479D-46C4-A955-C0B5D651BA2E}.Debug|iPhone.Deploy.0 = Debug|iPhone
		{24115804-479D-46C4-A955-C0B5D651BA2E}.Debug|iPhoneSimulator.ActiveCfg = Debug|iPhoneSimulator
		{24115804-479D-46C4-A955-C0B5D651BA2E}.Debug|iPhoneSimulator.Build.0 = Debug|iPhoneSimulator
		{24115804-479D-46C4-A955-C0B5D651BA2E}.Debug|iPhoneSimulator.Deploy.0 = Debug|iPhoneSimulator
		{24115804-479D-46C4-A955-C0B5D651BA2E}.Debug|x64.ActiveCfg = Debug|iPhone
		{24115804-479D-46C4-A955-C0B5D651BA2E}.Debug|x64.Build.0 = Debug|iPhone
		{24115804-479D-46C4-A955-C0B5D651BA2E}.Debug|x64.Deploy.0 = Debug|iPhone
		{24115804-479D-46C4-A955-C0B5D651BA2E}.Debug|x86.ActiveCfg = Debug|iPhone
		{24115804-479D-46C4-A955-C0B5D651BA2E}.Debug|x86.Build.0 = Debug|iPhone
		{24115804-479D-46C4-A955-C0B5D651BA2E}.Debug|x86.Deploy.0 = Debug|iPhone
		{24115804-479D-46C4-A955-C0B5D651BA2E}.Release|Any CPU.ActiveCfg = Release|iPhone
		{24115804-479D-46C4-A955-C0B5D651BA2E}.Release|Any CPU.Build.0 = Release|iPhone
		{24115804-479D-46C4-A955-C0B5D651BA2E}.Release|Any CPU.Deploy.0 = Release|iPhone
		{24115804-479D-46C4-A955-C0B5D651BA2E}.Release|ARM.ActiveCfg = Release|iPhone
		{24115804-479D-46C4-A955-C0B5D651BA2E}.Release|ARM.Build.0 = Release|iPhone
		{24115804-479D-46C4-A955-C0B5D651BA2E}.Release|ARM.Deploy.0 = Release|iPhone
		{24115804-479D-46C4-A955-C0B5D651BA2E}.Release|iPhone.ActiveCfg = Release|iPhone
		{24115804-479D-46C4-A955-C0B5D651BA2E}.Release|iPhone.Build.0 = Release|iPhone
		{24115804-479D-46C4-A955-C0B5D651BA2E}.Release|iPhone.Deploy.0 = Release|iPhone
		{24115804-479D-46C4-A955-C0B5D651BA2E}.Release|iPhoneSimulator.ActiveCfg = Release|iPhoneSimulator
		{24115804-479D-46C4-A955-C0B5D651BA2E}.Release|iPhoneSimulator.Build.0 = Release|iPhoneSimulator
		{24115804-479D-46C4-A955-C0B5D651BA2E}.Release|iPhoneSimulator.Deploy.0 = Release|iPhoneSimulator
		{24115804-479D-46C4-A955-C0B5D651BA2E}.Release|x64.ActiveCfg = Release|iPhone
		{24115804-479D-46C4-A955-C0B5D651BA2E}.Release|x64.Build.0 = Release|iPhone
		{24115804-479D-46C4-A955-C0B5D651BA2E}.Release|x64.Deploy.0 = Release|iPhone
		{24115804-479D-46C4-A955-C0B5D651BA2E}.Release|x86.ActiveCfg = Release|iPhone
		{24115804-479D-46C4-A955-C0B5D651BA2E}.Release|x86.Build.0 = Release|iPhone
		{24115804-479D-46C4-A955-C0B5D651BA2E}.Release|x86.Deploy.0 = Release|iPhone
		{38D2D904-0A55-4B2E-A6B5-B6ABF4C4C6D0}.Debug|Any CPU.ActiveCfg = Debug|Any CPU
		{38D2D904-0A55-4B2E-A6B5-B6ABF4C4C6D0}.Debug|Any CPU.Build.0 = Debug|Any CPU
		{38D2D904-0A55-4B2E-A6B5-B6ABF4C4C6D0}.Debug|Any CPU.Deploy.0 = Debug|Any CPU
		{38D2D904-0A55-4B2E-A6B5-B6ABF4C4C6D0}.Debug|ARM.ActiveCfg = Debug|Any CPU
		{38D2D904-0A55-4B2E-A6B5-B6ABF4C4C6D0}.Debug|ARM.Build.0 = Debug|Any CPU
		{38D2D904-0A55-4B2E-A6B5-B6ABF4C4C6D0}.Debug|ARM.Deploy.0 = Debug|Any CPU
		{38D2D904-0A55-4B2E-A6B5-B6ABF4C4C6D0}.Debug|iPhone.ActiveCfg = Debug|Any CPU
		{38D2D904-0A55-4B2E-A6B5-B6ABF4C4C6D0}.Debug|iPhone.Build.0 = Debug|Any CPU
		{38D2D904-0A55-4B2E-A6B5-B6ABF4C4C6D0}.Debug|iPhone.Deploy.0 = Debug|Any CPU
		{38D2D904-0A55-4B2E-A6B5-B6ABF4C4C6D0}.Debug|iPhoneSimulator.ActiveCfg = Debug|Any CPU
		{38D2D904-0A55-4B2E-A6B5-B6ABF4C4C6D0}.Debug|iPhoneSimulator.Build.0 = Debug|Any CPU
		{38D2D904-0A55-4B2E-A6B5-B6ABF4C4C6D0}.Debug|iPhoneSimulator.Deploy.0 = Debug|Any CPU
		{38D2D904-0A55-4B2E-A6B5-B6ABF4C4C6D0}.Debug|x64.ActiveCfg = Debug|Any CPU
		{38D2D904-0A55-4B2E-A6B5-B6ABF4C4C6D0}.Debug|x64.Build.0 = Debug|Any CPU
		{38D2D904-0A55-4B2E-A6B5-B6ABF4C4C6D0}.Debug|x64.Deploy.0 = Debug|Any CPU
		{38D2D904-0A55-4B2E-A6B5-B6ABF4C4C6D0}.Debug|x86.ActiveCfg = Debug|Any CPU
		{38D2D904-0A55-4B2E-A6B5-B6ABF4C4C6D0}.Debug|x86.Build.0 = Debug|Any CPU
		{38D2D904-0A55-4B2E-A6B5-B6ABF4C4C6D0}.Debug|x86.Deploy.0 = Debug|Any CPU
		{38D2D904-0A55-4B2E-A6B5-B6ABF4C4C6D0}.Release|Any CPU.ActiveCfg = Release|Any CPU
		{38D2D904-0A55-4B2E-A6B5-B6ABF4C4C6D0}.Release|Any CPU.Build.0 = Release|Any CPU
		{38D2D904-0A55-4B2E-A6B5-B6ABF4C4C6D0}.Release|Any CPU.Deploy.0 = Release|Any CPU
		{38D2D904-0A55-4B2E-A6B5-B6ABF4C4C6D0}.Release|ARM.ActiveCfg = Release|Any CPU
		{38D2D904-0A55-4B2E-A6B5-B6ABF4C4C6D0}.Release|ARM.Build.0 = Release|Any CPU
		{38D2D904-0A55-4B2E-A6B5-B6ABF4C4C6D0}.Release|ARM.Deploy.0 = Release|Any CPU
		{38D2D904-0A55-4B2E-A6B5-B6ABF4C4C6D0}.Release|iPhone.ActiveCfg = Release|Any CPU
		{38D2D904-0A55-4B2E-A6B5-B6ABF4C4C6D0}.Release|iPhone.Build.0 = Release|Any CPU
		{38D2D904-0A55-4B2E-A6B5-B6ABF4C4C6D0}.Release|iPhone.Deploy.0 = Release|Any CPU
		{38D2D904-0A55-4B2E-A6B5-B6ABF4C4C6D0}.Release|iPhoneSimulator.ActiveCfg = Release|Any CPU
		{38D2D904-0A55-4B2E-A6B5-B6ABF4C4C6D0}.Release|iPhoneSimulator.Build.0 = Release|Any CPU
		{38D2D904-0A55-4B2E-A6B5-B6ABF4C4C6D0}.Release|iPhoneSimulator.Deploy.0 = Release|Any CPU
		{38D2D904-0A55-4B2E-A6B5-B6ABF4C4C6D0}.Release|x64.ActiveCfg = Release|Any CPU
		{38D2D904-0A55-4B2E-A6B5-B6ABF4C4C6D0}.Release|x64.Build.0 = Release|Any CPU
		{38D2D904-0A55-4B2E-A6B5-B6ABF4C4C6D0}.Release|x64.Deploy.0 = Release|Any CPU
		{38D2D904-0A55-4B2E-A6B5-B6ABF4C4C6D0}.Release|x86.ActiveCfg = Release|Any CPU
		{38D2D904-0A55-4B2E-A6B5-B6ABF4C4C6D0}.Release|x86.Build.0 = Release|Any CPU
		{38D2D904-0A55-4B2E-A6B5-B6ABF4C4C6D0}.Release|x86.Deploy.0 = Release|Any CPU
	EndGlobalSection
	GlobalSection(SolutionProperties) = preSolution
		HideSolutionNode = FALSE
	EndGlobalSection
	GlobalSection(ExtensibilityGlobals) = postSolution
		SolutionGuid = {A757737E-D797-4394-8F5C-6FBA83B9180A}
	EndGlobalSection
EndGlobal
